
Microsoft Visual Studio Solution File, Format Version 12.00
# Visual Studio Version 17
VisualStudioVersion = 17.11.35312.102
MinimumVisualStudioVersion = 10.0.40219.1
Project("{9A19103F-16F7-4668-BE54-9A1E7A4F7556}") = "ChatApp.Shared", "ChatApp.Shared\ChatApp.Shared.csproj", "{F2CE77B9-94C0-4FBA-83EB-EA6592825A11}"
EndProject
Project("{9A19103F-16F7-4668-BE54-9A1E7A4F7556}") = "ChatApp.Server", "ChatApp.Server\ChatApp.Server.csproj", "{D1456632-A55D-47C3-ADD1-D3605234F6E1}"
	ProjectSection(ProjectDependencies) = postProject
		{F2CE77B9-94C0-4FBA-83EB-EA6592825A11} = {F2CE77B9-94C0-4FBA-83EB-EA6592825A11}
	EndProjectSection
EndProject
Project("{9A19103F-16F7-4668-BE54-9A1E7A4F7556}") = "ChatApp.Client", "ChatApp.Client\ChatApp.Client.csproj", "{AC8ED138-9E5F-45CD-ABF9-90F919314400}"
	ProjectSection(ProjectDependencies) = postProject
		{F2CE77B9-94C0-4FBA-83EB-EA6592825A11} = {F2CE77B9-94C0-4FBA-83EB-EA6592825A11}
	EndProjectSection
EndProject
Global
	GlobalSection(SolutionConfigurationPlatforms) = preSolution
		Debug|Any CPU = Debug|Any CPU
		Release|Any CPU = Release|Any CPU
	EndGlobalSection
	GlobalSection(ProjectConfigurationPlatforms) = postSolution
		{F2CE77B9-94C0-4FBA-83EB-EA6592825A11}.Debug|Any CPU.ActiveCfg = Debug|Any CPU
		{F2CE77B9-94C0-4FBA-83EB-EA6592825A11}.Debug|Any CPU.Build.0 = Debug|Any CPU
		{F2CE77B9-94C0-4FBA-83EB-EA6592825A11}.Release|Any CPU.ActiveCfg = Release|Any CPU
		{F2CE77B9-94C0-4FBA-83EB-EA6592825A11}.Release|Any CPU.Build.0 = Release|Any CPU
		{D1456632-A55D-47C3-ADD1-D3605234F6E1}.Debug|Any CPU.ActiveCfg = Debug|Any CPU
		{D1456632-A55D-47C3-ADD1-D3605234F6E1}.Debug|Any CPU.Build.0 = Debug|Any CPU
		{D1456632-A55D-47C3-ADD1-D3605234F6E1}.Release|Any CPU.ActiveCfg = Release|Any CPU
		{D1456632-A55D-47C3-ADD1-D3605234F6E1}.Release|Any CPU.Build.0 = Release|Any CPU
		{AC8ED138-9E5F-45CD-ABF9-90F919314400}.Debug|Any CPU.ActiveCfg = Debug|Any CPU
		{AC8ED138-9E5F-45CD-ABF9-90F919314400}.Debug|Any CPU.Build.0 = Debug|Any CPU
		{AC8ED138-9E5F-45CD-ABF9-90F919314400}.Release|Any CPU.ActiveCfg = Release|Any CPU
		{AC8ED138-9E5F-45CD-ABF9-90F919314400}.Release|Any CPU.Build.0 = Release|Any CPU
	EndGlobalSection
	GlobalSection(SolutionProperties) = preSolution
		HideSolutionNode = FALSE
	EndGlobalSection
	GlobalSection(ExtensibilityGlobals) = postSolution
		SolutionGuid = {8044C849-9FE4-4AB4-BE1D-CBBDF167BA5B}
	EndGlobalSection
EndGlobal
